
Microsoft Visual Studio Solution File, Format Version 12.00
# Visual Studio Version 16
VisualStudioVersion = 16.0.30717.126
MinimumVisualStudioVersion = 10.0.40219.1
Project("{FAE04EC0-301F-11D3-BF4B-00C04F79EFBC}") = "Mao.CsProject.Rename.Console", "Mao.CsProject.Rename.Console\Mao.CsProject.Rename.Console.csproj", "{8610E442-D06B-41F0-8802-1410A70DC3A5}"
EndProject
Global
	GlobalSection(SolutionConfigurationPlatforms) = preSolution
		Debug|Any CPU = Debug|Any CPU
		Release|Any CPU = Release|Any CPU
	EndGlobalSection
	GlobalSection(ProjectConfigurationPlatforms) = postSolution
		{8610E442-D06B-41F0-8802-1410A70DC3A5}.Debug|Any CPU.ActiveCfg = Debug|Any CPU
		{8610E442-D06B-41F0-8802-1410A70DC3A5}.Debug|Any CPU.Build.0 = Debug|Any CPU
		{8610E442-D06B-41F0-8802-1410A70DC3A5}.Release|Any CPU.ActiveCfg = Release|Any CPU
		{8610E442-D06B-41F0-8802-1410A70DC3A5}.Release|Any CPU.Build.0 = Release|Any CPU
	EndGlobalSection
	GlobalSection(SolutionProperties) = preSolution
		HideSolutionNode = FALSE
	EndGlobalSection
	GlobalSection(ExtensibilityGlobals) = postSolution
		SolutionGuid = {20E73F95-8D1A-44C6-ADB9-D53F3FCBCA67}
	EndGlobalSection
EndGlobal
